
Microsoft Visual Studio Solution File, Format Version 12.00
Project("{FAE04EC0-301F-11D3-BF4B-00C04F79EFBC}") = "MainService.Api", "MainService.Api\MainService.Api.csproj", "{4BF5C629-482A-4663-A11C-AA16E6BC08DA}"
EndProject
Project("{FAE04EC0-301F-11D3-BF4B-00C04F79EFBC}") = "MainService.Db", "MainService.Db\MainService.Db.csproj", "{7DF5437A-D2DB-467B-B1AC-B2055C02BBAB}"
EndProject
Project("{FAE04EC0-301F-11D3-BF4B-00C04F79EFBC}") = "MainService.Application", "MainService.Application\MainService.Application.csproj", "{BED0C391-259A-46AA-A62E-75D55D6EAD2A}"
EndProject
Global
	GlobalSection(SolutionConfigurationPlatforms) = preSolution
		Debug|Any CPU = Debug|Any CPU
		Release|Any CPU = Release|Any CPU
	EndGlobalSection
	GlobalSection(ProjectConfigurationPlatforms) = postSolution
		{4BF5C629-482A-4663-A11C-AA16E6BC08DA}.Debug|Any CPU.ActiveCfg = Debug|Any CPU
		{4BF5C629-482A-4663-A11C-AA16E6BC08DA}.Debug|Any CPU.Build.0 = Debug|Any CPU
		{4BF5C629-482A-4663-A11C-AA16E6BC08DA}.Release|Any CPU.ActiveCfg = Release|Any CPU
		{4BF5C629-482A-4663-A11C-AA16E6BC08DA}.Release|Any CPU.Build.0 = Release|Any CPU
		{7DF5437A-D2DB-467B-B1AC-B2055C02BBAB}.Debug|Any CPU.ActiveCfg = Debug|Any CPU
		{7DF5437A-D2DB-467B-B1AC-B2055C02BBAB}.Debug|Any CPU.Build.0 = Debug|Any CPU
		{7DF5437A-D2DB-467B-B1AC-B2055C02BBAB}.Release|Any CPU.ActiveCfg = Release|Any CPU
		{7DF5437A-D2DB-467B-B1AC-B2055C02BBAB}.Release|Any CPU.Build.0 = Release|Any CPU
		{BED0C391-259A-46AA-A62E-75D55D6EAD2A}.Debug|Any CPU.ActiveCfg = Debug|Any CPU
		{BED0C391-259A-46AA-A62E-75D55D6EAD2A}.Debug|Any CPU.Build.0 = Debug|Any CPU
		{BED0C391-259A-46AA-A62E-75D55D6EAD2A}.Release|Any CPU.ActiveCfg = Release|Any CPU
		{BED0C391-259A-46AA-A62E-75D55D6EAD2A}.Release|Any CPU.Build.0 = Release|Any CPU
	EndGlobalSection
EndGlobal
